// !$*UTF8*$!
{
	archiveVersion = 1;
	classes = {
	};
	objectVersion = 55;
	objects = {

/* Begin PBXBuildFile section */
		507F8144B58CB3A8B2F4BA3A /* iOSCameraResearch4SwiftUIApp.swift in Sources */ = {isa = PBXBuildFile; fileRef = 507F8BE2B72F324AE7190937 /* iOSCameraResearch4SwiftUIApp.swift */; };
		507F8194ACC998561E51AA1C /* AVCaptureVideoOrientation+extension.swift in Sources */ = {isa = PBXBuildFile; fileRef = 507F8EACC8B7DAB8A7C346F9 /* AVCaptureVideoOrientation+extension.swift */; };
		507F82D31BA9AA7423326B4B /* CameraWrapperView.swift in Sources */ = {isa = PBXBuildFile; fileRef = 507F82A3B3C6F4387555F80B /* CameraWrapperView.swift */; };
		507F835B04A5B1A4C008D7F8 /* ContentView.swift in Sources */ = {isa = PBXBuildFile; fileRef = 507F807603C13EE899EBAE2D /* ContentView.swift */; };
		507F83AD2610926CFCD924FB /* DebugLog.swift in Sources */ = {isa = PBXBuildFile; fileRef = 507F8A5ED6D3C955B499F5C4 /* DebugLog.swift */; };
		507F850A9B5A2DB6B71618BD /* UIDevice+extension.swift in Sources */ = {isa = PBXBuildFile; fileRef = 507F8AE94B437CCAFE2DF734 /* UIDevice+extension.swift */; };
		507F8A1EDFBEA2104D3740AD /* UIDeviceOrientation+extension.swift in Sources */ = {isa = PBXBuildFile; fileRef = 507F8815A4A581165D9006FA /* UIDeviceOrientation+extension.swift */; };
		507F8C42589D72F76792B020 /* CameraWrapperViewModel.swift in Sources */ = {isa = PBXBuildFile; fileRef = 507F8B1DDBA051E8CFB617D3 /* CameraWrapperViewModel.swift */; };
		507F8C89D4B7BFB9F07ABDAF /* CameraBaseView.swift in Sources */ = {isa = PBXBuildFile; fileRef = 507F8F6B0F80887F11EE8BED /* CameraBaseView.swift */; };
		5D9C4B792710220200B9195A /* Assets.xcassets in Resources */ = {isa = PBXBuildFile; fileRef = 5D9C4B782710220200B9195A /* Assets.xcassets */; };
		5D9C4B7C2710220200B9195A /* Preview Assets.xcassets in Resources */ = {isa = PBXBuildFile; fileRef = 5D9C4B7B2710220200B9195A /* Preview Assets.xcassets */; };
/* End PBXBuildFile section */

/* Begin PBXFileReference section */
		507F807603C13EE899EBAE2D /* ContentView.swift */ = {isa = PBXFileReference; fileEncoding = 4; lastKnownFileType = sourcecode.swift; path = ContentView.swift; sourceTree = "<group>"; };
		507F82A3B3C6F4387555F80B /* CameraWrapperView.swift */ = {isa = PBXFileReference; fileEncoding = 4; lastKnownFileType = sourcecode.swift; path = CameraWrapperView.swift; sourceTree = "<group>"; };
		507F8815A4A581165D9006FA /* UIDeviceOrientation+extension.swift */ = {isa = PBXFileReference; fileEncoding = 4; lastKnownFileType = sourcecode.swift; path = "UIDeviceOrientation+extension.swift"; sourceTree = "<group>"; };
		507F8A5ED6D3C955B499F5C4 /* DebugLog.swift */ = {isa = PBXFileReference; fileEncoding = 4; lastKnownFileType = sourcecode.swift; path = DebugLog.swift; sourceTree = "<group>"; };
		507F8AE94B437CCAFE2DF734 /* UIDevice+extension.swift */ = {isa = PBXFileReference; fileEncoding = 4; lastKnownFileType = sourcecode.swift; path = "UIDevice+extension.swift"; sourceTree = "<group>"; };
		507F8B1DDBA051E8CFB617D3 /* CameraWrapperViewModel.swift */ = {isa = PBXFileReference; fileEncoding = 4; lastKnownFileType = sourcecode.swift; path = CameraWrapperViewModel.swift; sourceTree = "<group>"; };
		507F8BE2B72F324AE7190937 /* iOSCameraResearch4SwiftUIApp.swift */ = {isa = PBXFileReference; fileEncoding = 4; lastKnownFileType = sourcecode.swift; path = iOSCameraResearch4SwiftUIApp.swift; sourceTree = "<group>"; };
		507F8EACC8B7DAB8A7C346F9 /* AVCaptureVideoOrientation+extension.swift */ = {isa = PBXFileReference; fileEncoding = 4; lastKnownFileType = sourcecode.swift; path = "AVCaptureVideoOrientation+extension.swift"; sourceTree = "<group>"; };
		507F8F6B0F80887F11EE8BED /* CameraBaseView.swift */ = {isa = PBXFileReference; fileEncoding = 4; lastKnownFileType = sourcecode.swift; path = CameraBaseView.swift; sourceTree = "<group>"; };
		5D9C4B71271021FF00B9195A /* iOSCameraResearch4SwiftUI.app */ = {isa = PBXFileReference; explicitFileType = wrapper.application; includeInIndex = 0; path = iOSCameraResearch4SwiftUI.app; sourceTree = BUILT_PRODUCTS_DIR; };
		5D9C4B782710220200B9195A /* Assets.xcassets */ = {isa = PBXFileReference; lastKnownFileType = folder.assetcatalog; path = Assets.xcassets; sourceTree = "<group>"; };
		5D9C4B7B2710220200B9195A /* Preview Assets.xcassets */ = {isa = PBXFileReference; lastKnownFileType = folder.assetcatalog; path = "Preview Assets.xcassets"; sourceTree = "<group>"; };
		5D9C4B98271046CB00B9195A /* Info.plist */ = {isa = PBXFileReference; lastKnownFileType = text.plist; path = Info.plist; sourceTree = "<group>"; };
/* End PBXFileReference section */

/* Begin PBXFrameworksBuildPhase section */
		5D9C4B6E271021FF00B9195A /* Frameworks */ = {
			isa = PBXFrameworksBuildPhase;
			buildActionMask = 2147483647;
			files = (
			);
			runOnlyForDeploymentPostprocessing = 0;
		};
/* End PBXFrameworksBuildPhase section */

/* Begin PBXGroup section */
		507F892A9A4542298D81C184 /* CameraBaseView */ = {
			isa = PBXGroup;
			children = (
				507F8F6B0F80887F11EE8BED /* CameraBaseView.swift */,
				507F8B1DDBA051E8CFB617D3 /* CameraWrapperViewModel.swift */,
				507F82A3B3C6F4387555F80B /* CameraWrapperView.swift */,
			);
			path = CameraBaseView;
			sourceTree = "<group>";
		};
		507F8996C322EB89D902647B /* Extensions */ = {
			isa = PBXGroup;
			children = (
				507F8AE94B437CCAFE2DF734 /* UIDevice+extension.swift */,
				507F8815A4A581165D9006FA /* UIDeviceOrientation+extension.swift */,
				507F8EACC8B7DAB8A7C346F9 /* AVCaptureVideoOrientation+extension.swift */,
			);
			path = Extensions;
			sourceTree = "<group>";
		};
		507F89C7D2B789AB31C99983 /* Utilities */ = {
			isa = PBXGroup;
			children = (
				507F8A5ED6D3C955B499F5C4 /* DebugLog.swift */,
			);
			path = Utilities;
			sourceTree = "<group>";
		};
		507F8C0EE2EC93554C930107 /* Scenes */ = {
			isa = PBXGroup;
			children = (
				507F8F9634132D88A339AEA0 /* ContentView */,
				507F8BE2B72F324AE7190937 /* iOSCameraResearch4SwiftUIApp.swift */,
			);
			path = Scenes;
			sourceTree = "<group>";
		};
		507F8F9634132D88A339AEA0 /* ContentView */ = {
			isa = PBXGroup;
			children = (
				507F807603C13EE899EBAE2D /* ContentView.swift */,
				507F892A9A4542298D81C184 /* CameraBaseView */,
			);
			path = ContentView;
			sourceTree = "<group>";
		};
		5D9C4B68271021FF00B9195A = {
			isa = PBXGroup;
			children = (
				5D9C4B73271021FF00B9195A /* iOSCameraResearch4SwiftUI */,
				5D9C4B72271021FF00B9195A /* Products */,
			);
			sourceTree = "<group>";
		};
		5D9C4B72271021FF00B9195A /* Products */ = {
			isa = PBXGroup;
			children = (
				5D9C4B71271021FF00B9195A /* iOSCameraResearch4SwiftUI.app */,
			);
			name = Products;
			sourceTree = "<group>";
		};
		5D9C4B73271021FF00B9195A /* iOSCameraResearch4SwiftUI */ = {
			isa = PBXGroup;
			children = (
				5D9C4B98271046CB00B9195A /* Info.plist */,
				5D9C4B782710220200B9195A /* Assets.xcassets */,
				5D9C4B7A2710220200B9195A /* Preview Content */,
				507F8996C322EB89D902647B /* Extensions */,
				507F89C7D2B789AB31C99983 /* Utilities */,
				507F8C0EE2EC93554C930107 /* Scenes */,
			);
			path = iOSCameraResearch4SwiftUI;
			sourceTree = "<group>";
		};
		5D9C4B7A2710220200B9195A /* Preview Content */ = {
			isa = PBXGroup;
			children = (
				5D9C4B7B2710220200B9195A /* Preview Assets.xcassets */,
			);
			path = "Preview Content";
			sourceTree = "<group>";
		};
/* End PBXGroup section */

/* Begin PBXNativeTarget section */
		5D9C4B70271021FF00B9195A /* iOSCameraResearch4SwiftUI */ = {
			isa = PBXNativeTarget;
			buildConfigurationList = 5D9C4B7F2710220200B9195A /* Build configuration list for PBXNativeTarget "iOSCameraResearch4SwiftUI" */;
			buildPhases = (
				5D9C4B6D271021FF00B9195A /* Sources */,
				5D9C4B6E271021FF00B9195A /* Frameworks */,
				5D9C4B6F271021FF00B9195A /* Resources */,
			);
			buildRules = (
			);
			dependencies = (
			);
			name = iOSCameraResearch4SwiftUI;
			productName = iOSCameraResearch4SwiftUI;
			productReference = 5D9C4B71271021FF00B9195A /* iOSCameraResearch4SwiftUI.app */;
			productType = "com.apple.product-type.application";
		};
/* End PBXNativeTarget section */

/* Begin PBXProject section */
		5D9C4B69271021FF00B9195A /* Project object */ = {
			isa = PBXProject;
			attributes = {
				BuildIndependentTargetsInParallel = 1;
				LastSwiftUpdateCheck = 1300;
				LastUpgradeCheck = 1300;
				TargetAttributes = {
					5D9C4B70271021FF00B9195A = {
						CreatedOnToolsVersion = 13.0;
					};
				};
			};
			buildConfigurationList = 5D9C4B6C271021FF00B9195A /* Build configuration list for PBXProject "iOSCameraResearch4SwiftUI" */;
			compatibilityVersion = "Xcode 13.0";
			developmentRegion = en;
			hasScannedForEncodings = 0;
			knownRegions = (
				en,
				Base,
			);
			mainGroup = 5D9C4B68271021FF00B9195A;
			productRefGroup = 5D9C4B72271021FF00B9195A /* Products */;
			projectDirPath = "";
			projectRoot = "";
			targets = (
				5D9C4B70271021FF00B9195A /* iOSCameraResearch4SwiftUI */,
			);
		};
/* End PBXProject section */

/* Begin PBXResourcesBuildPhase section */
		5D9C4B6F271021FF00B9195A /* Resources */ = {
			isa = PBXResourcesBuildPhase;
			buildActionMask = 2147483647;
			files = (
				5D9C4B7C2710220200B9195A /* Preview Assets.xcassets in Resources */,
				5D9C4B792710220200B9195A /* Assets.xcassets in Resources */,
			);
			runOnlyForDeploymentPostprocessing = 0;
		};
/* End PBXResourcesBuildPhase section */

/* Begin PBXSourcesBuildPhase section */
		5D9C4B6D271021FF00B9195A /* Sources */ = {
			isa = PBXSourcesBuildPhase;
			buildActionMask = 2147483647;
			files = (
				507F850A9B5A2DB6B71618BD /* UIDevice+extension.swift in Sources */,
				507F8A1EDFBEA2104D3740AD /* UIDeviceOrientation+extension.swift in Sources */,
				507F8194ACC998561E51AA1C /* AVCaptureVideoOrientation+extension.swift in Sources */,
				507F83AD2610926CFCD924FB /* DebugLog.swift in Sources */,
				507F835B04A5B1A4C008D7F8 /* ContentView.swift in Sources */,
				507F8C89D4B7BFB9F07ABDAF /* CameraBaseView.swift in Sources */,
				507F8C42589D72F76792B020 /* CameraWrapperViewModel.swift in Sources */,
				507F82D31BA9AA7423326B4B /* CameraWrapperView.swift in Sources */,
				507F8144B58CB3A8B2F4BA3A /* iOSCameraResearch4SwiftUIApp.swift in Sources */,
			);
			runOnlyForDeploymentPostprocessing = 0;
		};
/* End PBXSourcesBuildPhase section */

/* Begin XCBuildConfiguration section */
		5D9C4B7D2710220200B9195A /* Debug */ = {
			isa = XCBuildConfiguration;
			buildSettings = {
				ALWAYS_SEARCH_USER_PATHS = NO;
				CLANG_ANALYZER_NONNULL = YES;
				CLANG_ANALYZER_NUMBER_OBJECT_CONVERSION = YES_AGGRESSIVE;
				CLANG_CXX_LANGUAGE_STANDARD = "gnu++17";
				CLANG_CXX_LIBRARY = "libc++";
				CLANG_ENABLE_MODULES = YES;
				CLANG_ENABLE_OBJC_ARC = YES;
				CLANG_ENABLE_OBJC_WEAK = YES;
				CLANG_WARN_BLOCK_CAPTURE_AUTORELEASING = YES;
				CLANG_WARN_BOOL_CONVERSION = YES;
				CLANG_WARN_COMMA = YES;
				CLANG_WARN_CONSTANT_CONVERSION = YES;
				CLANG_WARN_DEPRECATED_OBJC_IMPLEMENTATIONS = YES;
				CLANG_WARN_DIRECT_OBJC_ISA_USAGE = YES_ERROR;
				CLANG_WARN_DOCUMENTATION_COMMENTS = YES;
				CLANG_WARN_EMPTY_BODY = YES;
				CLANG_WARN_ENUM_CONVERSION = YES;
				CLANG_WARN_INFINITE_RECURSION = YES;
				CLANG_WARN_INT_CONVERSION = YES;
				CLANG_WARN_NON_LITERAL_NULL_CONVERSION = YES;
				CLANG_WARN_OBJC_IMPLICIT_RETAIN_SELF = YES;
				CLANG_WARN_OBJC_LITERAL_CONVERSION = YES;
				CLANG_WARN_OBJC_ROOT_CLASS = YES_ERROR;
				CLANG_WARN_QUOTED_INCLUDE_IN_FRAMEWORK_HEADER = YES;
				CLANG_WARN_RANGE_LOOP_ANALYSIS = YES;
				CLANG_WARN_STRICT_PROTOTYPES = YES;
				CLANG_WARN_SUSPICIOUS_MOVE = YES;
				CLANG_WARN_UNGUARDED_AVAILABILITY = YES_AGGRESSIVE;
				CLANG_WARN_UNREACHABLE_CODE = YES;
				CLANG_WARN__DUPLICATE_METHOD_MATCH = YES;
				COPY_PHASE_STRIP = NO;
				DEBUG_INFORMATION_FORMAT = dwarf;
				ENABLE_STRICT_OBJC_MSGSEND = YES;
				ENABLE_TESTABILITY = YES;
				GCC_C_LANGUAGE_STANDARD = gnu11;
				GCC_DYNAMIC_NO_PIC = NO;
				GCC_NO_COMMON_BLOCKS = YES;
				GCC_OPTIMIZATION_LEVEL = 0;
				GCC_PREPROCESSOR_DEFINITIONS = (
					"DEBUG=1",
					"$(inherited)",
				);
				GCC_WARN_64_TO_32_BIT_CONVERSION = YES;
				GCC_WARN_ABOUT_RETURN_TYPE = YES_ERROR;
				GCC_WARN_UNDECLARED_SELECTOR = YES;
				GCC_WARN_UNINITIALIZED_AUTOS = YES_AGGRESSIVE;
				GCC_WARN_UNUSED_FUNCTION = YES;
				GCC_WARN_UNUSED_VARIABLE = YES;
				IPHONEOS_DEPLOYMENT_TARGET = 15.0;
				MTL_ENABLE_DEBUG_INFO = INCLUDE_SOURCE;
				MTL_FAST_MATH = YES;
				ONLY_ACTIVE_ARCH = YES;
				SDKROOT = iphoneos;
				SWIFT_ACTIVE_COMPILATION_CONDITIONS = DEBUG;
				SWIFT_OPTIMIZATION_LEVEL = "-Onone";
			};
			name = Debug;
		};
		5D9C4B7E2710220200B9195A /* Release */ = {
			isa = XCBuildConfiguration;
			buildSettings = {
				ALWAYS_SEARCH_USER_PATHS = NO;
				CLANG_ANALYZER_NONNULL = YES;
				CLANG_ANALYZER_NUMBER_OBJECT_CONVERSION = YES_AGGRESSIVE;
				CLANG_CXX_LANGUAGE_STANDARD = "gnu++17";
				CLANG_CXX_LIBRARY = "libc++";
				CLANG_ENABLE_MODULES = YES;
				CLANG_ENABLE_OBJC_ARC = YES;
				CLANG_ENABLE_OBJC_WEAK = YES;
				CLANG_WARN_BLOCK_CAPTURE_AUTORELEASING = YES;
				CLANG_WARN_BOOL_CONVERSION = YES;
				CLANG_WARN_COMMA = YES;
				CLANG_WARN_CONSTANT_CONVERSION = YES;
				CLANG_WARN_DEPRECATED_OBJC_IMPLEMENTATIONS = YES;
				CLANG_WARN_DIRECT_OBJC_ISA_USAGE = YES_ERROR;
				CLANG_WARN_DOCUMENTATION_COMMENTS = YES;
				CLANG_WARN_EMPTY_BODY = YES;
				CLANG_WARN_ENUM_CONVERSION = YES;
				CLANG_WARN_INFINITE_RECURSION = YES;
				CLANG_WARN_INT_CONVERSION = YES;
				CLANG_WARN_NON_LITERAL_NULL_CONVERSION = YES;
				CLANG_WARN_OBJC_IMPLICIT_RETAIN_SELF = YES;
				CLANG_WARN_OBJC_LITERAL_CONVERSION = YES;
				CLANG_WARN_OBJC_ROOT_CLASS = YES_ERROR;
				CLANG_WARN_QUOTED_INCLUDE_IN_FRAMEWORK_HEADER = YES;
				CLANG_WARN_RANGE_LOOP_ANALYSIS = YES;
				CLANG_WARN_STRICT_PROTOTYPES = YES;
				CLANG_WARN_SUSPICIOUS_MOVE = YES;
				CLANG_WARN_UNGUARDED_AVAILABILITY = YES_AGGRESSIVE;
				CLANG_WARN_UNREACHABLE_CODE = YES;
				CLANG_WARN__DUPLICATE_METHOD_MATCH = YES;
				COPY_PHASE_STRIP = NO;
				DEBUG_INFORMATION_FORMAT = "dwarf-with-dsym";
				ENABLE_NS_ASSERTIONS = NO;
				ENABLE_STRICT_OBJC_MSGSEND = YES;
				GCC_C_LANGUAGE_STANDARD = gnu11;
				GCC_NO_COMMON_BLOCKS = YES;
				GCC_WARN_64_TO_32_BIT_CONVERSION = YES;
				GCC_WARN_ABOUT_RETURN_TYPE = YES_ERROR;
				GCC_WARN_UNDECLARED_SELECTOR = YES;
				GCC_WARN_UNINITIALIZED_AUTOS = YES_AGGRESSIVE;
				GCC_WARN_UNUSED_FUNCTION = YES;
				GCC_WARN_UNUSED_VARIABLE = YES;
				IPHONEOS_DEPLOYMENT_TARGET = 15.0;
				MTL_ENABLE_DEBUG_INFO = NO;
				MTL_FAST_MATH = YES;
				SDKROOT = iphoneos;
				SWIFT_COMPILATION_MODE = wholemodule;
				SWIFT_OPTIMIZATION_LEVEL = "-O";
				VALIDATE_PRODUCT = YES;
			};
			name = Release;
		};
		5D9C4B802710220200B9195A /* Debug */ = {
			isa = XCBuildConfiguration;
			buildSettings = {
				ASSETCATALOG_COMPILER_APPICON_NAME = AppIcon;
				ASSETCATALOG_COMPILER_GLOBAL_ACCENT_COLOR_NAME = AccentColor;
				CODE_SIGN_STYLE = Automatic;
				CURRENT_PROJECT_VERSION = 1;
				DEVELOPMENT_ASSET_PATHS = "\"iOSCameraResearch4SwiftUI/Preview Content\"";
				DEVELOPMENT_TEAM = QA5S8CT4JX;
				ENABLE_PREVIEWS = YES;
				GENERATE_INFOPLIST_FILE = YES;
				INFOPLIST_FILE = iOSCameraResearch4SwiftUI/Info.plist;
				INFOPLIST_KEY_NSCameraUsageDescription = "本人確認書類や本人画像撮影に使用します。";
				INFOPLIST_KEY_NSPhotoLibraryAddUsageDescription = "写真を保存する際に使用します。";
				INFOPLIST_KEY_NSPhotoLibraryUsageDescription = "写真を保存する際に使用します。";
				INFOPLIST_KEY_UIApplicationSupportsIndirectInputEvents = YES;
				INFOPLIST_KEY_UILaunchScreen_Generation = YES;
				INFOPLIST_KEY_UISupportedInterfaceOrientations = "UIInterfaceOrientationPortrait UIInterfaceOrientationLandscapeLeft UIInterfaceOrientationLandscapeRight";
				INFOPLIST_KEY_UISupportedInterfaceOrientations_iPad = UIInterfaceOrientationPortrait;
				INFOPLIST_KEY_UISupportedInterfaceOrientations_iPhone = "UIInterfaceOrientationPortrait UIInterfaceOrientationLandscapeLeft UIInterfaceOrientationLandscapeRight";
				IPHONEOS_DEPLOYMENT_TARGET = 14.0;
				LD_RUNPATH_SEARCH_PATHS = (
					"$(inherited)",
					"@executable_path/Frameworks",
				);
				MARKETING_VERSION = 1.0;
				PRODUCT_BUNDLE_IDENTIFIER = net.yuxx.iOSCameraResearch4SwiftUI;
				PRODUCT_NAME = "$(TARGET_NAME)";
				SWIFT_EMIT_LOC_STRINGS = YES;
				SWIFT_VERSION = 5.0;
				TARGETED_DEVICE_FAMILY = "1,2";
			};
			name = Debug;
		};
		5D9C4B812710220200B9195A /* Release */ = {
			isa = XCBuildConfiguration;
			buildSettings = {
				ASSETCATALOG_COMPILER_APPICON_NAME = AppIcon;
				ASSETCATALOG_COMPILER_GLOBAL_ACCENT_COLOR_NAME = AccentColor;
				CODE_SIGN_STYLE = Automatic;
				CURRENT_PROJECT_VERSION = 1;
				DEVELOPMENT_ASSET_PATHS = "\"iOSCameraResearch4SwiftUI/Preview Content\"";
				DEVELOPMENT_TEAM = QA5S8CT4JX;
				ENABLE_PREVIEWS = YES;
				GENERATE_INFOPLIST_FILE = YES;
				INFOPLIST_FILE = iOSCameraResearch4SwiftUI/Info.plist;
				INFOPLIST_KEY_NSCameraUsageDescription = "本人確認書類や本人画像撮影に使用します。";
				INFOPLIST_KEY_NSPhotoLibraryAddUsageDescription = "写真を保存する際に使用します。";
				INFOPLIST_KEY_NSPhotoLibraryUsageDescription = "写真を保存する際に使用します。";
				INFOPLIST_KEY_UIApplicationSupportsIndirectInputEvents = YES;
				INFOPLIST_KEY_UILaunchScreen_Generation = YES;
				INFOPLIST_KEY_UISupportedInterfaceOrientations = "UIInterfaceOrientationPortrait UIInterfaceOrientationLandscapeLeft UIInterfaceOrientationLandscapeRight";
				INFOPLIST_KEY_UISupportedInterfaceOrientations_iPad = UIInterfaceOrientationPortrait;
				INFOPLIST_KEY_UISupportedInterfaceOrientations_iPhone = "UIInterfaceOrientationPortrait UIInterfaceOrientationLandscapeLeft UIInterfaceOrientationLandscapeRight";
				IPHONEOS_DEPLOYMENT_TARGET = 14.0;
				LD_RUNPATH_SEARCH_PATHS = (
					"$(inherited)",
					"@executable_path/Frameworks",
				);
				MARKETING_VERSION = 1.0;
				PRODUCT_BUNDLE_IDENTIFIER = net.yuxx.iOSCameraResearch4SwiftUI;
				PRODUCT_NAME = "$(TARGET_NAME)";
				SWIFT_EMIT_LOC_STRINGS = YES;
				SWIFT_VERSION = 5.0;
				TARGETED_DEVICE_FAMILY = "1,2";
			};
			name = Release;
		};
/* End XCBuildConfiguration section */

/* Begin XCConfigurationList section */
		5D9C4B6C271021FF00B9195A /* Build configuration list for PBXProject "iOSCameraResearch4SwiftUI" */ = {
			isa = XCConfigurationList;
			buildConfigurations = (
				5D9C4B7D2710220200B9195A /* Debug */,
				5D9C4B7E2710220200B9195A /* Release */,
			);
			defaultConfigurationIsVisible = 0;
			defaultConfigurationName = Release;
		};
		5D9C4B7F2710220200B9195A /* Build configuration list for PBXNativeTarget "iOSCameraResearch4SwiftUI" */ = {
			isa = XCConfigurationList;
			buildConfigurations = (
				5D9C4B802710220200B9195A /* Debug */,
				5D9C4B812710220200B9195A /* Release */,
			);
			defaultConfigurationIsVisible = 0;
			defaultConfigurationName = Release;
		};
/* End XCConfigurationList section */
	};
	rootObject = 5D9C4B69271021FF00B9195A /* Project object */;
}
